
Microsoft Visual Studio Solution File, Format Version 12.00
# Visual Studio Version 17
VisualStudioVersion = 17.3.32901.215
MinimumVisualStudioVersion = 10.0.40219.1
Project("{FAE04EC0-301F-11D3-BF4B-00C04F79EFBC}") = "Okul-çıkis-saatleri", "Okul-çıkis-saatleri\Okul-çıkis-saatleri.csproj", "{B295C918-EED4-4C65-B74D-17FA00F37639}"
EndProject
Global
	GlobalSection(SolutionConfigurationPlatforms) = preSolution
		Debug|Any CPU = Debug|Any CPU
		Release|Any CPU = Release|Any CPU
	EndGlobalSection
	GlobalSection(ProjectConfigurationPlatforms) = postSolution
		{B295C918-EED4-4C65-B74D-17FA00F37639}.Debug|Any CPU.ActiveCfg = Debug|Any CPU
		{B295C918-EED4-4C65-B74D-17FA00F37639}.Debug|Any CPU.Build.0 = Debug|Any CPU
		{B295C918-EED4-4C65-B74D-17FA00F37639}.Release|Any CPU.ActiveCfg = Release|Any CPU
		{B295C918-EED4-4C65-B74D-17FA00F37639}.Release|Any CPU.Build.0 = Release|Any CPU
	EndGlobalSection
	GlobalSection(SolutionProperties) = preSolution
		HideSolutionNode = FALSE
	EndGlobalSection
	GlobalSection(ExtensibilityGlobals) = postSolution
		SolutionGuid = {6B4E004B-2218-457A-A5E5-271BFB6916C4}
	EndGlobalSection
EndGlobal
